
Microsoft Visual Studio Solution File, Format Version 12.00
# Visual Studio Version 17
VisualStudioVersion = 17.11.35327.3
MinimumVisualStudioVersion = 10.0.40219.1
Project("{FAE04EC0-301F-11D3-BF4B-00C04F79EFBC}") = "ChallengeLab_3_1", "ChallengeLab_3_1.csproj", "{5BF232E6-F516-4CA6-AF97-644E41952A03}"
EndProject
Global
	GlobalSection(SolutionConfigurationPlatforms) = preSolution
		Debug|Any CPU = Debug|Any CPU
		Release|Any CPU = Release|Any CPU
	EndGlobalSection
	GlobalSection(ProjectConfigurationPlatforms) = postSolution
		{5BF232E6-F516-4CA6-AF97-644E41952A03}.Debug|Any CPU.ActiveCfg = Debug|Any CPU
		{5BF232E6-F516-4CA6-AF97-644E41952A03}.Debug|Any CPU.Build.0 = Debug|Any CPU
		{5BF232E6-F516-4CA6-AF97-644E41952A03}.Release|Any CPU.ActiveCfg = Release|Any CPU
		{5BF232E6-F516-4CA6-AF97-644E41952A03}.Release|Any CPU.Build.0 = Release|Any CPU
	EndGlobalSection
	GlobalSection(SolutionProperties) = preSolution
		HideSolutionNode = FALSE
	EndGlobalSection
	GlobalSection(ExtensibilityGlobals) = postSolution
		SolutionGuid = {448F9DEC-B854-4C23-AFDA-42CABB130AFD}
	EndGlobalSection
EndGlobal
